
Microsoft Visual Studio Solution File, Format Version 12.00
# Visual Studio Version 17
VisualStudioVersion = 17.1.32210.238
MinimumVisualStudioVersion = 10.0.40219.1
Project("{FAE04EC0-301F-11D3-BF4B-00C04F79EFBC}") = "Operators_Example", "Operators_Example\Operators_Example.csproj", "{13C9D2D7-5523-4EDF-B7F8-62541D918E60}"
EndProject
Global
	GlobalSection(SolutionConfigurationPlatforms) = preSolution
		Debug|Any CPU = Debug|Any CPU
		Release|Any CPU = Release|Any CPU
	EndGlobalSection
	GlobalSection(ProjectConfigurationPlatforms) = postSolution
		{13C9D2D7-5523-4EDF-B7F8-62541D918E60}.Debug|Any CPU.ActiveCfg = Debug|Any CPU
		{13C9D2D7-5523-4EDF-B7F8-62541D918E60}.Debug|Any CPU.Build.0 = Debug|Any CPU
		{13C9D2D7-5523-4EDF-B7F8-62541D918E60}.Release|Any CPU.ActiveCfg = Release|Any CPU
		{13C9D2D7-5523-4EDF-B7F8-62541D918E60}.Release|Any CPU.Build.0 = Release|Any CPU
	EndGlobalSection
	GlobalSection(SolutionProperties) = preSolution
		HideSolutionNode = FALSE
	EndGlobalSection
	GlobalSection(ExtensibilityGlobals) = postSolution
		SolutionGuid = {905BA62D-C91B-4845-8EE5-5E86F4191F53}
	EndGlobalSection
EndGlobal
